<?xml version="1.0" encoding="utf-8"?>
<Project ToolsVersion="4.0" xmlns="http://schemas.microsoft.com/developer/msbuild/2003">
  <ItemGroup>
    <Filter Include="Quelldateien">
      <UniqueIdentifier>{4FC737F1-C7A5-4376-A066-2A32D752A2FF}</UniqueIdentifier>
      <Extensions>cpp;c;cc;cxx;def;odl;idl;hpj;bat;asm;asmx</Extensions>
    </Filter>
    <Filter Include="Headerdateien">
      <UniqueIdentifier>{93995380-89BD-4b04-88EB-625FBE52EBFB}</UniqueIdentifier>
      <Extensions>h;hh;hpp;hxx;hm;inl;inc;xsd</Extensions>
    </Filter>
    <Filter Include="Ressourcendateien">
      <UniqueIdentifier>{67DA6AB6-F800-4c08-8B7A-83BB121AAD01}</UniqueIdentifier>
      <Extensions>rc;ico;cur;bmp;dlg;rc2;rct;bin;rgs;gif;jpg;jpeg;jpe;resx;tiff;tif;png;wav;mfcribbon-ms</Extensions>
    </Filter>
    <Filter Include="Headerdateien\Scene">
      <UniqueIdentifier>{83e51474-b031-4719-ad7a-39358fe65c5e}</UniqueIdentifier>
    </Filter>
    <Filter Include="Quelldateien\Source">
      <UniqueIdentifier>{acfc3055-b023-4e11-a235-ca2db5556f06}</UniqueIdentifier>
    </Filter>
  </ItemGroup>
  <ItemGroup>
    <ClCompile Include="Application.cpp">
      <Filter>Quelldateien</Filter>
    </ClCompile>
    <ClCompile Include="Main.cpp">
      <Filter>Quelldateien</Filter>
    </ClCompile>
    <ClCompile Include="QueueFamilyIndices.cpp">
      <Filter>Quelldateien</Filter>
    </ClCompile>
    <ClCompile Include="SwapChainSupportInfo.cpp">
      <Filter>Quelldateien</Filter>
    </ClCompile>
    <ClCompile Include="Scene\Material.cpp">
      <Filter>Quelldateien\Source</Filter>
    </ClCompile>
    <ClCompile Include="Scene\Planee.cpp">
      <Filter>Quelldateien\Source</Filter>
    </ClCompile>
    <ClCompile Include="Scene\Sphere.cpp">
      <Filter>Quelldateien\Source</Filter>
    </ClCompile>
    <ClCompile Include="Scene\Vector3.cpp">
      <Filter>Quelldateien\Source</Filter>
    </ClCompile>
  </ItemGroup>
  <ItemGroup>
    <ClInclude Include="Application.h">
      <Filter>Headerdateien</Filter>
    </ClInclude>
    <ClInclude Include="QueueFamilyIndices.h">
      <Filter>Headerdateien</Filter>
    </ClInclude>
    <ClInclude Include="SwapChainSupportInfo.h">
      <Filter>Headerdateien</Filter>
    </ClInclude>
    <ClInclude Include="VkDeleter.h">
      <Filter>Headerdateien</Filter>
    </ClInclude>
    <ClInclude Include="VulkanInitializers.h">
      <Filter>Headerdateien</Filter>
    </ClInclude>
    <ClInclude Include="Scene\Material.h">
      <Filter>Headerdateien\Scene</Filter>
    </ClInclude>
    <ClInclude Include="Scene\Planee.h">
      <Filter>Headerdateien\Scene</Filter>
    </ClInclude>
    <ClInclude Include="Scene\Sphere.h">
      <Filter>Headerdateien\Scene</Filter>
    </ClInclude>
    <ClInclude Include="Scene\Vector3.h">
      <Filter>Headerdateien\Scene</Filter>
    </ClInclude>
  </ItemGroup>
</Project>